
Microsoft Visual Studio Solution File, Format Version 12.00
# Visual Studio Version 16
VisualStudioVersion = 16.0.30420.98
MinimumVisualStudioVersion = 10.0.40219.1
Project("{FAE04EC0-301F-11D3-BF4B-00C04F79EFBC}") = "POC.ExcelParsing", "POC.ExcelParsing\POC.ExcelParsing.csproj", "{571083FE-8B69-4BE5-B038-D3352BF9FB64}"
EndProject
Global
	GlobalSection(SolutionConfigurationPlatforms) = preSolution
		Debug|Any CPU = Debug|Any CPU
		Release|Any CPU = Release|Any CPU
	EndGlobalSection
	GlobalSection(ProjectConfigurationPlatforms) = postSolution
		{571083FE-8B69-4BE5-B038-D3352BF9FB64}.Debug|Any CPU.ActiveCfg = Debug|Any CPU
		{571083FE-8B69-4BE5-B038-D3352BF9FB64}.Debug|Any CPU.Build.0 = Debug|Any CPU
		{571083FE-8B69-4BE5-B038-D3352BF9FB64}.Release|Any CPU.ActiveCfg = Release|Any CPU
		{571083FE-8B69-4BE5-B038-D3352BF9FB64}.Release|Any CPU.Build.0 = Release|Any CPU
	EndGlobalSection
	GlobalSection(SolutionProperties) = preSolution
		HideSolutionNode = FALSE
	EndGlobalSection
	GlobalSection(ExtensibilityGlobals) = postSolution
		SolutionGuid = {72541B50-091A-4423-A96F-8EBE663415EC}
	EndGlobalSection
EndGlobal
